
Microsoft Visual Studio Solution File, Format Version 12.00
# Visual Studio Version 17
VisualStudioVersion = 17.11.35312.102
MinimumVisualStudioVersion = 10.0.40219.1
Project("{9A19103F-16F7-4668-BE54-9A1E7A4F7556}") = "StockAnalysis", "StockAnalysis\StockAnalysis.csproj", "{0C538D4A-0F68-4F92-8D96-8E05098DB59F}"
EndProject
Project("{54A90642-561A-4BB1-A94E-469ADEE60C69}") = "frontend", "frontend\frontend.esproj", "{2FEE0FB5-5987-4996-81DE-D52C632BACE5}"
EndProject
Project("{9A19103F-16F7-4668-BE54-9A1E7A4F7556}") = "StockAnalysis.Tests", "StockAnalysis.Tests\StockAnalysis.Tests.csproj", "{10893FF7-D69F-429A-A45E-C415AA752785}"
EndProject
Project("{FAE04EC0-301F-11D3-BF4B-00C04F79EFBC}") = "StockDetectiveFunctions", "StockDetectiveFunctions\StockDetectiveFunctions.csproj", "{B662C0A5-6103-4454-BDAC-203AF9C2559F}"
EndProject
Project("{FAE04EC0-301F-11D3-BF4B-00C04F79EFBC}") = "SharedModels", "SharedModels\SharedModels.csproj", "{391F1324-7003-4437-865C-CEC91AB82D56}"
EndProject
Global
	GlobalSection(SolutionConfigurationPlatforms) = preSolution
		Debug|Any CPU = Debug|Any CPU
		Release|Any CPU = Release|Any CPU
	EndGlobalSection
	GlobalSection(ProjectConfigurationPlatforms) = postSolution
		{0C538D4A-0F68-4F92-8D96-8E05098DB59F}.Debug|Any CPU.ActiveCfg = Debug|Any CPU
		{0C538D4A-0F68-4F92-8D96-8E05098DB59F}.Debug|Any CPU.Build.0 = Debug|Any CPU
		{0C538D4A-0F68-4F92-8D96-8E05098DB59F}.Release|Any CPU.ActiveCfg = Release|Any CPU
		{0C538D4A-0F68-4F92-8D96-8E05098DB59F}.Release|Any CPU.Build.0 = Release|Any CPU
		{2FEE0FB5-5987-4996-81DE-D52C632BACE5}.Debug|Any CPU.ActiveCfg = Debug|Any CPU
		{2FEE0FB5-5987-4996-81DE-D52C632BACE5}.Debug|Any CPU.Build.0 = Debug|Any CPU
		{2FEE0FB5-5987-4996-81DE-D52C632BACE5}.Debug|Any CPU.Deploy.0 = Debug|Any CPU
		{2FEE0FB5-5987-4996-81DE-D52C632BACE5}.Release|Any CPU.ActiveCfg = Release|Any CPU
		{2FEE0FB5-5987-4996-81DE-D52C632BACE5}.Release|Any CPU.Build.0 = Release|Any CPU
		{2FEE0FB5-5987-4996-81DE-D52C632BACE5}.Release|Any CPU.Deploy.0 = Release|Any CPU
		{10893FF7-D69F-429A-A45E-C415AA752785}.Debug|Any CPU.ActiveCfg = Debug|Any CPU
		{10893FF7-D69F-429A-A45E-C415AA752785}.Debug|Any CPU.Build.0 = Debug|Any CPU
		{10893FF7-D69F-429A-A45E-C415AA752785}.Release|Any CPU.ActiveCfg = Release|Any CPU
		{10893FF7-D69F-429A-A45E-C415AA752785}.Release|Any CPU.Build.0 = Release|Any CPU
		{B662C0A5-6103-4454-BDAC-203AF9C2559F}.Debug|Any CPU.ActiveCfg = Debug|Any CPU
		{B662C0A5-6103-4454-BDAC-203AF9C2559F}.Debug|Any CPU.Build.0 = Debug|Any CPU
		{B662C0A5-6103-4454-BDAC-203AF9C2559F}.Release|Any CPU.ActiveCfg = Release|Any CPU
		{B662C0A5-6103-4454-BDAC-203AF9C2559F}.Release|Any CPU.Build.0 = Release|Any CPU
		{391F1324-7003-4437-865C-CEC91AB82D56}.Debug|Any CPU.ActiveCfg = Debug|Any CPU
		{391F1324-7003-4437-865C-CEC91AB82D56}.Debug|Any CPU.Build.0 = Debug|Any CPU
		{391F1324-7003-4437-865C-CEC91AB82D56}.Release|Any CPU.ActiveCfg = Release|Any CPU
		{391F1324-7003-4437-865C-CEC91AB82D56}.Release|Any CPU.Build.0 = Release|Any CPU
	EndGlobalSection
	GlobalSection(SolutionProperties) = preSolution
		HideSolutionNode = FALSE
	EndGlobalSection
	GlobalSection(ExtensibilityGlobals) = postSolution
		SolutionGuid = {4A275145-39C8-4F99-91AC-947792A4ECD4}
	EndGlobalSection
EndGlobal
